// !$*UTF8*$!
{
	archiveVersion = 1;
	classes = {
	};
	objectVersion = 56;
	objects = {

/* Begin PBXBuildFile section */
		A10000000000000100000001 /* GetWorkToDoApp.swift in Sources */ = {isa = PBXBuildFile; fileRef = A20000000000000100000001 /* GetWorkToDoApp.swift */; };
		A10000000000000100000002 /* ContentView.swift in Sources */ = {isa = PBXBuildFile; fileRef = A20000000000000100000002 /* ContentView.swift */; };
		A10000000000000100000003 /* Assets.xcassets in Resources */ = {isa = PBXBuildFile; fileRef = A20000000000000100000003 /* Assets.xcassets */; };
		A10000000000000100000004 /* GetWorkToDoWidget.swift in Sources */ = {isa = PBXBuildFile; fileRef = A20000000000000100000004 /* GetWorkToDoWidget.swift */; };
		A10000000000000100000005 /* Assets.xcassets in Resources */ = {isa = PBXBuildFile; fileRef = A20000000000000100000005 /* Assets.xcassets */; };
		A10000000000000100000006 /* WidgetKit.framework in Frameworks */ = {isa = PBXBuildFile; fileRef = A20000000000000100000006 /* WidgetKit.framework */; };
		A10000000000000100000007 /* SwiftUI.framework in Frameworks */ = {isa = PBXBuildFile; fileRef = A20000000000000100000007 /* SwiftUI.framework */; };
		A10000000000000100000008 /* GetWorkToDoWidgetExtension.appex in Embed Foundation Extensions */ = {isa = PBXBuildFile; fileRef = A30000000000000100000001 /* GetWorkToDoWidgetExtension.appex */; settings = {ATTRIBUTES = (RemoveHeadersOnCopy, ); }; };
		A10000000000000100000009 /* Models.swift in Sources */ = {isa = PBXBuildFile; fileRef = A20000000000000100000008 /* Models.swift */; };
		A1000000000000010000000A /* ScheduleService.swift in Sources */ = {isa = PBXBuildFile; fileRef = A20000000000000100000009 /* ScheduleService.swift */; };
		A1000000000000010000000B /* LocalStore.swift in Sources */ = {isa = PBXBuildFile; fileRef = A2000000000000010000000A /* LocalStore.swift */; };
		A1000000000000010000000C /* GameplanView.swift in Sources */ = {isa = PBXBuildFile; fileRef = A2000000000000010000000B /* GameplanView.swift */; };
		A1000000000000010000000D /* AskGeminiView.swift in Sources */ = {isa = PBXBuildFile; fileRef = A2000000000000010000000C /* AskGeminiView.swift */; };
		A1000000000000010000000E /* SettingsView.swift in Sources */ = {isa = PBXBuildFile; fileRef = A2000000000000010000000D /* SettingsView.swift */; };
		A1000000000000010000000F /* TaskListView.swift in Sources */ = {isa = PBXBuildFile; fileRef = A2000000000000010000000E /* TaskListView.swift */; };
		A10000000000000100000010 /* ManualItemForm.swift in Sources */ = {isa = PBXBuildFile; fileRef = A2000000000000010000000F /* ManualItemForm.swift */; };
		A10000000000000100000011 /* GlassCard.swift in Sources */ = {isa = PBXBuildFile; fileRef = A20000000000000100000011 /* GlassCard.swift */; };
		A10000000000000100000012 /* ToggleItemCompletionIntent.swift in Sources */ = {isa = PBXBuildFile; fileRef = A20000000000000100000012 /* ToggleItemCompletionIntent.swift */; };
		A10000000000000100000013 /* ToggleItemCompletionIntent.swift in Sources */ = {isa = PBXBuildFile; fileRef = A20000000000000100000012 /* ToggleItemCompletionIntent.swift */; };
		A10000000000000100000014 /* TimeAnalyticsView.swift in Sources */ = {isa = PBXBuildFile; fileRef = A20000000000000100000013 /* TimeAnalyticsView.swift */; };
		D9478B662F57F53900C7500D /* MarkdownUI in Frameworks */ = {isa = PBXBuildFile; productRef = D9478B612F57A98900C7500D /* MarkdownUI */; };
/* End PBXBuildFile section */

/* Begin PBXContainerItemProxy section */
		A40000000000000100000001 /* PBXContainerItemProxy */ = {
			isa = PBXContainerItemProxy;
			containerPortal = A50000000000000100000001 /* Project object */;
			proxyType = 1;
			remoteGlobalIDString = A30000000000000100000002;
			remoteInfo = GetWorkToDoWidgetExtension;
		};
/* End PBXContainerItemProxy section */

/* Begin PBXCopyFilesBuildPhase section */
		A60000000000000100000001 /* Embed Foundation Extensions */ = {
			isa = PBXCopyFilesBuildPhase;
			buildActionMask = 2147483647;
			dstPath = "";
			dstSubfolderSpec = 13;
			files = (
				A10000000000000100000008 /* GetWorkToDoWidgetExtension.appex in Embed Foundation Extensions */,
			);
			name = "Embed Foundation Extensions";
			runOnlyForDeploymentPostprocessing = 0;
		};
/* End PBXCopyFilesBuildPhase section */

/* Begin PBXFileReference section */
		A20000000000000100000001 /* GetWorkToDoApp.swift */ = {isa = PBXFileReference; lastKnownFileType = sourcecode.swift; path = GetWorkToDoApp.swift; sourceTree = "<group>"; };
		A20000000000000100000002 /* ContentView.swift */ = {isa = PBXFileReference; lastKnownFileType = sourcecode.swift; path = ContentView.swift; sourceTree = "<group>"; };
		A20000000000000100000003 /* Assets.xcassets */ = {isa = PBXFileReference; lastKnownFileType = folder.assetcatalog; path = Assets.xcassets; sourceTree = "<group>"; };
		A20000000000000100000004 /* GetWorkToDoWidget.swift */ = {isa = PBXFileReference; lastKnownFileType = sourcecode.swift; path = GetWorkToDoWidget.swift; sourceTree = "<group>"; };
		A20000000000000100000005 /* Assets.xcassets */ = {isa = PBXFileReference; lastKnownFileType = folder.assetcatalog; path = Assets.xcassets; sourceTree = "<group>"; };
		A20000000000000100000006 /* WidgetKit.framework */ = {isa = PBXFileReference; lastKnownFileType = wrapper.framework; name = WidgetKit.framework; path = System/Library/Frameworks/WidgetKit.framework; sourceTree = SDKROOT; };
		A20000000000000100000007 /* SwiftUI.framework */ = {isa = PBXFileReference; lastKnownFileType = wrapper.framework; name = SwiftUI.framework; path = System/Library/Frameworks/SwiftUI.framework; sourceTree = SDKROOT; };
		A20000000000000100000008 /* Models.swift */ = {isa = PBXFileReference; lastKnownFileType = sourcecode.swift; path = Models.swift; sourceTree = "<group>"; };
		A20000000000000100000009 /* ScheduleService.swift */ = {isa = PBXFileReference; lastKnownFileType = sourcecode.swift; path = ScheduleService.swift; sourceTree = "<group>"; };
		A2000000000000010000000A /* LocalStore.swift */ = {isa = PBXFileReference; lastKnownFileType = sourcecode.swift; path = LocalStore.swift; sourceTree = "<group>"; };
		A2000000000000010000000B /* GameplanView.swift */ = {isa = PBXFileReference; lastKnownFileType = sourcecode.swift; path = GameplanView.swift; sourceTree = "<group>"; };
		A2000000000000010000000C /* AskGeminiView.swift */ = {isa = PBXFileReference; lastKnownFileType = sourcecode.swift; path = AskGeminiView.swift; sourceTree = "<group>"; };
		A2000000000000010000000D /* SettingsView.swift */ = {isa = PBXFileReference; lastKnownFileType = sourcecode.swift; path = SettingsView.swift; sourceTree = "<group>"; };
		A2000000000000010000000E /* TaskListView.swift */ = {isa = PBXFileReference; lastKnownFileType = sourcecode.swift; path = TaskListView.swift; sourceTree = "<group>"; };
		A2000000000000010000000F /* ManualItemForm.swift */ = {isa = PBXFileReference; lastKnownFileType = sourcecode.swift; path = ManualItemForm.swift; sourceTree = "<group>"; };
		A20000000000000100000010 /* Info.plist */ = {isa = PBXFileReference; lastKnownFileType = text.plist.xml; path = Info.plist; sourceTree = "<group>"; };
		A20000000000000100000011 /* GlassCard.swift */ = {isa = PBXFileReference; lastKnownFileType = sourcecode.swift; path = GlassCard.swift; sourceTree = "<group>"; };
		A20000000000000100000012 /* ToggleItemCompletionIntent.swift */ = {isa = PBXFileReference; lastKnownFileType = sourcecode.swift; path = ToggleItemCompletionIntent.swift; sourceTree = "<group>"; };
		A20000000000000100000013 /* TimeAnalyticsView.swift */ = {isa = PBXFileReference; lastKnownFileType = sourcecode.swift; path = TimeAnalyticsView.swift; sourceTree = "<group>"; };
		A30000000000000100000001 /* GetWorkToDoWidgetExtension.appex */ = {isa = PBXFileReference; explicitFileType = "wrapper.app-extension"; includeInIndex = 0; path = GetWorkToDoWidgetExtension.appex; sourceTree = BUILT_PRODUCTS_DIR; };
		A30000000000000100000003 /* GetWorkToDo.app */ = {isa = PBXFileReference; explicitFileType = wrapper.application; includeInIndex = 0; path = GetWorkToDo.app; sourceTree = BUILT_PRODUCTS_DIR; };
		A80000000000000100000005 /* GetWorkToDo.entitlements */ = {isa = PBXFileReference; lastKnownFileType = text.plist.entitlements; path = GetWorkToDo.entitlements; sourceTree = "<group>"; };
		A80000000000000100000006 /* GetWorkToDoWidget.entitlements */ = {isa = PBXFileReference; lastKnownFileType = text.plist.entitlements; path = GetWorkToDoWidget.entitlements; sourceTree = "<group>"; };
		A80000000000000100000007 /* Info.plist */ = {isa = PBXFileReference; lastKnownFileType = text.plist.xml; path = Info.plist; sourceTree = "<group>"; };
/* End PBXFileReference section */

/* Begin PBXFrameworksBuildPhase section */
		A70000000000000100000001 /* Frameworks */ = {
			isa = PBXFrameworksBuildPhase;
			buildActionMask = 2147483647;
			files = (
				D9478B662F57F53900C7500D /* MarkdownUI in Frameworks */,
				A10000000000000100000007 /* SwiftUI.framework in Frameworks */,
			);
			runOnlyForDeploymentPostprocessing = 0;
		};
		A70000000000000100000002 /* Frameworks */ = {
			isa = PBXFrameworksBuildPhase;
			buildActionMask = 2147483647;
			files = (
				A10000000000000100000006 /* WidgetKit.framework in Frameworks */,
			);
			runOnlyForDeploymentPostprocessing = 0;
		};
/* End PBXFrameworksBuildPhase section */

/* Begin PBXGroup section */
		A80000000000000100000001 = {
			isa = PBXGroup;
			children = (
				A80000000000000100000002 /* GetWorkToDo */,
				A80000000000000100000003 /* GetWorkToDoWidget */,
				A80000000000000100000004 /* Products */,
				D9478B5C2F57A98900C7500D /* Recovered References */,
			);
			sourceTree = "<group>";
		};
		A80000000000000100000002 /* GetWorkToDo */ = {
			isa = PBXGroup;
			children = (
				A20000000000000100000001 /* GetWorkToDoApp.swift */,
				A20000000000000100000002 /* ContentView.swift */,
				A20000000000000100000008 /* Models.swift */,
				A20000000000000100000009 /* ScheduleService.swift */,
				A2000000000000010000000A /* LocalStore.swift */,
				A2000000000000010000000B /* GameplanView.swift */,
				A2000000000000010000000C /* AskGeminiView.swift */,
				A2000000000000010000000D /* SettingsView.swift */,
				A2000000000000010000000E /* TaskListView.swift */,
				A2000000000000010000000F /* ManualItemForm.swift */,
				A20000000000000100000011 /* GlassCard.swift */,
				A20000000000000100000013 /* TimeAnalyticsView.swift */,
				A20000000000000100000003 /* Assets.xcassets */,
				A20000000000000100000010 /* Info.plist */,
				A80000000000000100000005 /* GetWorkToDo.entitlements */,
			);
			path = GetWorkToDo;
			sourceTree = "<group>";
		};
		A80000000000000100000003 /* GetWorkToDoWidget */ = {
			isa = PBXGroup;
			children = (
				A20000000000000100000004 /* GetWorkToDoWidget.swift */,
				A20000000000000100000012 /* ToggleItemCompletionIntent.swift */,
				A20000000000000100000005 /* Assets.xcassets */,
				A80000000000000100000006 /* GetWorkToDoWidget.entitlements */,
				A80000000000000100000007 /* Info.plist */,
			);
			path = GetWorkToDoWidget;
			sourceTree = "<group>";
		};
		A80000000000000100000004 /* Products */ = {
			isa = PBXGroup;
			children = (
				A30000000000000100000003 /* GetWorkToDo.app */,
				A30000000000000100000001 /* GetWorkToDoWidgetExtension.appex */,
			);
			name = Products;
			sourceTree = "<group>";
		};
		D9478B5C2F57A98900C7500D /* Recovered References */ = {
			isa = PBXGroup;
			children = (
				A20000000000000100000007 /* SwiftUI.framework */,
				A20000000000000100000006 /* WidgetKit.framework */,
			);
			name = "Recovered References";
			sourceTree = "<group>";
		};
/* End PBXGroup section */

/* Begin PBXNativeTarget section */
		A30000000000000100000002 /* GetWorkToDoWidgetExtension */ = {
			isa = PBXNativeTarget;
			buildConfigurationList = A90000000000000100000002 /* Build configuration list for PBXNativeTarget "GetWorkToDoWidgetExtension" */;
			buildPhases = (
				A70000000000000100000003 /* Sources */,
				A70000000000000100000002 /* Frameworks */,
				A70000000000000100000004 /* Resources */,
			);
			buildRules = (
			);
			dependencies = (
			);
			name = GetWorkToDoWidgetExtension;
			productName = GetWorkToDoWidgetExtension;
			productReference = A30000000000000100000001 /* GetWorkToDoWidgetExtension.appex */;
			productType = "com.apple.product-type.app-extension";
		};
		A30000000000000100000004 /* GetWorkToDo */ = {
			isa = PBXNativeTarget;
			buildConfigurationList = A90000000000000100000001 /* Build configuration list for PBXNativeTarget "GetWorkToDo" */;
			buildPhases = (
				A70000000000000100000005 /* Sources */,
				A70000000000000100000001 /* Frameworks */,
				A70000000000000100000006 /* Resources */,
				A60000000000000100000001 /* Embed Foundation Extensions */,
			);
			buildRules = (
			);
			dependencies = (
				A40000000000000100000002 /* PBXTargetDependency */,
			);
			name = GetWorkToDo;
			packageProductDependencies = (
				D9478B612F57A98900C7500D /* MarkdownUI */,
			);
			productName = GetWorkToDo;
			productReference = A30000000000000100000003 /* GetWorkToDo.app */;
			productType = "com.apple.product-type.application";
		};
/* End PBXNativeTarget section */

/* Begin PBXProject section */
		A50000000000000100000001 /* Project object */ = {
			isa = PBXProject;
			attributes = {
				BuildIndependentTargetsInParallel = 1;
				LastSwiftUpdateCheck = 1500;
				LastUpgradeCheck = 2630;
				TargetAttributes = {
					A30000000000000100000002 = {
						CreatedOnToolsVersion = 15.0;
					};
					A30000000000000100000004 = {
						CreatedOnToolsVersion = 15.0;
					};
				};
			};
			buildConfigurationList = A90000000000000100000003 /* Build configuration list for PBXProject "GetWorkToDo" */;
			compatibilityVersion = "Xcode 14.0";
			developmentRegion = en;
			hasScannedForEncodings = 0;
			knownRegions = (
				en,
				Base,
			);
			mainGroup = A80000000000000100000001;
			packageReferences = (
				D9478B602F57A98900C7500D /* XCRemoteSwiftPackageReference "swift-markdown-ui" */,
			);
			productRefGroup = A80000000000000100000004 /* Products */;
			projectDirPath = "";
			projectRoot = "";
			targets = (
				A30000000000000100000004 /* GetWorkToDo */,
				A30000000000000100000002 /* GetWorkToDoWidgetExtension */,
			);
		};
/* End PBXProject section */

/* Begin PBXResourcesBuildPhase section */
		A70000000000000100000004 /* Resources */ = {
			isa = PBXResourcesBuildPhase;
			buildActionMask = 2147483647;
			files = (
				A10000000000000100000005 /* Assets.xcassets in Resources */,
			);
			runOnlyForDeploymentPostprocessing = 0;
		};
		A70000000000000100000006 /* Resources */ = {
			isa = PBXResourcesBuildPhase;
			buildActionMask = 2147483647;
			files = (
				A10000000000000100000003 /* Assets.xcassets in Resources */,
			);
			runOnlyForDeploymentPostprocessing = 0;
		};
/* End PBXResourcesBuildPhase section */

/* Begin PBXSourcesBuildPhase section */
		A70000000000000100000003 /* Sources */ = {
			isa = PBXSourcesBuildPhase;
			buildActionMask = 2147483647;
			files = (
				A10000000000000100000004 /* GetWorkToDoWidget.swift in Sources */,
				A10000000000000100000012 /* ToggleItemCompletionIntent.swift in Sources */,
			);
			runOnlyForDeploymentPostprocessing = 0;
		};
		A70000000000000100000005 /* Sources */ = {
			isa = PBXSourcesBuildPhase;
			buildActionMask = 2147483647;
			files = (
				A10000000000000100000001 /* GetWorkToDoApp.swift in Sources */,
				A10000000000000100000002 /* ContentView.swift in Sources */,
				A10000000000000100000009 /* Models.swift in Sources */,
				A1000000000000010000000A /* ScheduleService.swift in Sources */,
				A1000000000000010000000B /* LocalStore.swift in Sources */,
				A1000000000000010000000C /* GameplanView.swift in Sources */,
				A1000000000000010000000D /* AskGeminiView.swift in Sources */,
				A1000000000000010000000E /* SettingsView.swift in Sources */,
				A1000000000000010000000F /* TaskListView.swift in Sources */,
				A10000000000000100000010 /* ManualItemForm.swift in Sources */,
				A10000000000000100000011 /* GlassCard.swift in Sources */,
				A10000000000000100000013 /* ToggleItemCompletionIntent.swift in Sources */,
				A10000000000000100000014 /* TimeAnalyticsView.swift in Sources */,
			);
			runOnlyForDeploymentPostprocessing = 0;
		};
/* End PBXSourcesBuildPhase section */

/* Begin PBXTargetDependency section */
		A40000000000000100000002 /* PBXTargetDependency */ = {
			isa = PBXTargetDependency;
			target = A30000000000000100000002 /* GetWorkToDoWidgetExtension */;
			targetProxy = A40000000000000100000001 /* PBXContainerItemProxy */;
		};
/* End PBXTargetDependency section */

/* Begin XCBuildConfiguration section */
		AA0000000000000100000001 /* Debug */ = {
			isa = XCBuildConfiguration;
			buildSettings = {
				ALWAYS_SEARCH_USER_PATHS = NO;
				ASSETCATALOG_COMPILER_GENERATE_SWIFT_ASSET_SYMBOL_EXTENSIONS = YES;
				CLANG_ANALYZER_NONNULL = YES;
				CLANG_ANALYZER_NUMBER_OBJECT_CONVERSION = YES_AGGRESSIVE;
				CLANG_CXX_LANGUAGE_STANDARD = "gnu++20";
				CLANG_ENABLE_MODULES = YES;
				CLANG_ENABLE_OBJC_ARC = YES;
				CLANG_ENABLE_OBJC_WEAK = YES;
				CLANG_WARN_BLOCK_CAPTURE_AUTORELEASING = YES;
				CLANG_WARN_BOOL_CONVERSION = YES;
				CLANG_WARN_COMMA = YES;
				CLANG_WARN_CONSTANT_CONVERSION = YES;
				CLANG_WARN_DEPRECATED_OBJC_IMPLEMENTATIONS = YES;
				CLANG_WARN_DIRECT_OBJC_ISA_USAGE = YES_ERROR;
				CLANG_WARN_DOCUMENTATION_COMMENTS = YES;
				CLANG_WARN_EMPTY_BODY = YES;
				CLANG_WARN_ENUM_CONVERSION = YES;
				CLANG_WARN_INFINITE_RECURSION = YES;
				CLANG_WARN_INT_CONVERSION = YES;
				CLANG_WARN_NON_LITERAL_NULL_CONVERSION = YES;
				CLANG_WARN_OBJC_IMPLICIT_RETAIN_SELF = YES;
				CLANG_WARN_OBJC_LITERAL_CONVERSION = YES;
				CLANG_WARN_OBJC_ROOT_CLASS = YES_ERROR;
				CLANG_WARN_QUOTED_INCLUDE_IN_FRAMEWORK_HEADER = YES;
				CLANG_WARN_RANGE_LOOP_ANALYSIS = YES;
				CLANG_WARN_STRICT_PROTOTYPES = YES;
				CLANG_WARN_SUSPICIOUS_MOVE = YES;
				CLANG_WARN_UNGUARDED_AVAILABILITY = YES_AGGRESSIVE;
				CLANG_WARN_UNREACHABLE_CODE = YES;
				CLANG_WARN__DUPLICATE_METHOD_MATCH = YES;
				COPY_PHASE_STRIP = NO;
				DEBUG_INFORMATION_FORMAT = dwarf;
				DEVELOPMENT_TEAM = Y9T4RA62V7;
				ENABLE_STRICT_OBJC_MSGSEND = YES;
				ENABLE_TESTABILITY = YES;
				ENABLE_USER_SCRIPT_SANDBOXING = YES;
				GCC_C_LANGUAGE_STANDARD = gnu17;
				GCC_DYNAMIC_NO_PIC = NO;
				GCC_NO_COMMON_BLOCKS = YES;
				GCC_OPTIMIZATION_LEVEL = 0;
				GCC_PREPROCESSOR_DEFINITIONS = (
					"DEBUG=1",
					"$(inherited)",
				);
				GCC_WARN_64_TO_32_BIT_CONVERSION = YES;
				GCC_WARN_ABOUT_RETURN_TYPE = YES_ERROR;
				GCC_WARN_UNDECLARED_SELECTOR = YES;
				GCC_WARN_UNINITIALIZED_AUTOS = YES_AGGRESSIVE;
				GCC_WARN_UNUSED_FUNCTION = YES;
				GCC_WARN_UNUSED_VARIABLE = YES;
				IPHONEOS_DEPLOYMENT_TARGET = 17.0;
				LOCALIZATION_PREFERS_STRING_CATALOGS = YES;
				MTL_ENABLE_DEBUG_INFO = INCLUDE_SOURCE;
				MTL_FAST_MATH = YES;
				ONLY_ACTIVE_ARCH = YES;
				SDKROOT = iphoneos;
				STRING_CATALOG_GENERATE_SYMBOLS = YES;
				SWIFT_ACTIVE_COMPILATION_CONDITIONS = "DEBUG $(inherited)";
				SWIFT_OPTIMIZATION_LEVEL = "-Onone";
			};
			name = Debug;
		};
		AA0000000000000100000002 /* Release */ = {
			isa = XCBuildConfiguration;
			buildSettings = {
				ALWAYS_SEARCH_USER_PATHS = NO;
				ASSETCATALOG_COMPILER_GENERATE_SWIFT_ASSET_SYMBOL_EXTENSIONS = YES;
				CLANG_ANALYZER_NONNULL = YES;
				CLANG_ANALYZER_NUMBER_OBJECT_CONVERSION = YES_AGGRESSIVE;
				CLANG_CXX_LANGUAGE_STANDARD = "gnu++20";
				CLANG_ENABLE_MODULES = YES;
				CLANG_ENABLE_OBJC_ARC = YES;
				CLANG_ENABLE_OBJC_WEAK = YES;
				CLANG_WARN_BLOCK_CAPTURE_AUTORELEASING = YES;
				CLANG_WARN_BOOL_CONVERSION = YES;
				CLANG_WARN_COMMA = YES;
				CLANG_WARN_CONSTANT_CONVERSION = YES;
				CLANG_WARN_DEPRECATED_OBJC_IMPLEMENTATIONS = YES;
				CLANG_WARN_DIRECT_OBJC_ISA_USAGE = YES_ERROR;
				CLANG_WARN_DOCUMENTATION_COMMENTS = YES;
				CLANG_WARN_EMPTY_BODY = YES;
				CLANG_WARN_ENUM_CONVERSION = YES;
				CLANG_WARN_INFINITE_RECURSION = YES;
				CLANG_WARN_INT_CONVERSION = YES;
				CLANG_WARN_NON_LITERAL_NULL_CONVERSION = YES;
				CLANG_WARN_OBJC_IMPLICIT_RETAIN_SELF = YES;
				CLANG_WARN_OBJC_LITERAL_CONVERSION = YES;
				CLANG_WARN_OBJC_ROOT_CLASS = YES_ERROR;
				CLANG_WARN_QUOTED_INCLUDE_IN_FRAMEWORK_HEADER = YES;
				CLANG_WARN_RANGE_LOOP_ANALYSIS = YES;
				CLANG_WARN_STRICT_PROTOTYPES = YES;
				CLANG_WARN_SUSPICIOUS_MOVE = YES;
				CLANG_WARN_UNGUARDED_AVAILABILITY = YES_AGGRESSIVE;
				CLANG_WARN_UNREACHABLE_CODE = YES;
				CLANG_WARN__DUPLICATE_METHOD_MATCH = YES;
				COPY_PHASE_STRIP = NO;
				DEBUG_INFORMATION_FORMAT = "dwarf-with-dsym";
				DEVELOPMENT_TEAM = Y9T4RA62V7;
				ENABLE_NS_ASSERTIONS = NO;
				ENABLE_STRICT_OBJC_MSGSEND = YES;
				ENABLE_USER_SCRIPT_SANDBOXING = YES;
				GCC_C_LANGUAGE_STANDARD = gnu17;
				GCC_NO_COMMON_BLOCKS = YES;
				GCC_WARN_64_TO_32_BIT_CONVERSION = YES;
				GCC_WARN_ABOUT_RETURN_TYPE = YES_ERROR;
				GCC_WARN_UNDECLARED_SELECTOR = YES;
				GCC_WARN_UNINITIALIZED_AUTOS = YES_AGGRESSIVE;
				GCC_WARN_UNUSED_FUNCTION = YES;
				GCC_WARN_UNUSED_VARIABLE = YES;
				IPHONEOS_DEPLOYMENT_TARGET = 17.0;
				LOCALIZATION_PREFERS_STRING_CATALOGS = YES;
				MTL_ENABLE_DEBUG_INFO = NO;
				MTL_FAST_MATH = YES;
				SDKROOT = iphoneos;
				STRING_CATALOG_GENERATE_SYMBOLS = YES;
				SWIFT_COMPILATION_MODE = wholemodule;
				VALIDATE_PRODUCT = YES;
			};
			name = Release;
		};
		AA0000000000000100000003 /* Debug */ = {
			isa = XCBuildConfiguration;
			buildSettings = {
				ASSETCATALOG_COMPILER_APPICON_NAME = AppIcon;
				ASSETCATALOG_COMPILER_GLOBAL_ACCENT_COLOR_NAME = AccentColor;
				CODE_SIGN_ENTITLEMENTS = GetWorkToDo/GetWorkToDo.entitlements;
				CODE_SIGN_STYLE = Automatic;
				CURRENT_PROJECT_VERSION = 1;
				ENABLE_PREVIEWS = YES;
				GENERATE_INFOPLIST_FILE = YES;
				INFOPLIST_FILE = GetWorkToDo/Info.plist;
				INFOPLIST_KEY_UIApplicationSupportsIndirectInputEvents = YES;
				LD_RUNPATH_SEARCH_PATHS = (
					"$(inherited)",
					"@executable_path/Frameworks",
				);
				MARKETING_VERSION = 1.0;
				PRODUCT_BUNDLE_IDENTIFIER = com.getworktodo.app;
				PRODUCT_NAME = "$(TARGET_NAME)";
				SWIFT_EMIT_LOC_STRINGS = YES;
				SWIFT_VERSION = 5.0;
				TARGETED_DEVICE_FAMILY = "1,2";
			};
			name = Debug;
		};
		AA0000000000000100000004 /* Release */ = {
			isa = XCBuildConfiguration;
			buildSettings = {
				ASSETCATALOG_COMPILER_APPICON_NAME = AppIcon;
				ASSETCATALOG_COMPILER_GLOBAL_ACCENT_COLOR_NAME = AccentColor;
				CODE_SIGN_ENTITLEMENTS = GetWorkToDo/GetWorkToDo.entitlements;
				CODE_SIGN_STYLE = Automatic;
				CURRENT_PROJECT_VERSION = 1;
				ENABLE_PREVIEWS = YES;
				GENERATE_INFOPLIST_FILE = YES;
				INFOPLIST_FILE = GetWorkToDo/Info.plist;
				INFOPLIST_KEY_UIApplicationSupportsIndirectInputEvents = YES;
				LD_RUNPATH_SEARCH_PATHS = (
					"$(inherited)",
					"@executable_path/Frameworks",
				);
				MARKETING_VERSION = 1.0;
				PRODUCT_BUNDLE_IDENTIFIER = com.getworktodo.app;
				PRODUCT_NAME = "$(TARGET_NAME)";
				SWIFT_EMIT_LOC_STRINGS = YES;
				SWIFT_VERSION = 5.0;
				TARGETED_DEVICE_FAMILY = "1,2";
			};
			name = Release;
		};
		AA0000000000000100000005 /* Debug */ = {
			isa = XCBuildConfiguration;
			buildSettings = {
				CODE_SIGN_ENTITLEMENTS = GetWorkToDoWidget/GetWorkToDoWidget.entitlements;
				CODE_SIGN_STYLE = Automatic;
				CURRENT_PROJECT_VERSION = 1;
				GENERATE_INFOPLIST_FILE = YES;
				INFOPLIST_FILE = GetWorkToDoWidget/Info.plist;
				INFOPLIST_KEY_CFBundleDisplayName = "Get Work To Do";
				INFOPLIST_KEY_NSHumanReadableCopyright = "";
				LD_RUNPATH_SEARCH_PATHS = (
					"$(inherited)",
					"@executable_path/Frameworks",
					"@executable_path/../../Frameworks",
				);
				MARKETING_VERSION = 1.0;
				PRODUCT_BUNDLE_IDENTIFIER = com.getworktodo.app.widget;
				PRODUCT_NAME = "$(TARGET_NAME)";
				SKIP_INSTALL = YES;
				SWIFT_EMIT_LOC_STRINGS = YES;
				SWIFT_VERSION = 5.0;
				TARGETED_DEVICE_FAMILY = "1,2";
			};
			name = Debug;
		};
		AA0000000000000100000006 /* Release */ = {
			isa = XCBuildConfiguration;
			buildSettings = {
				CODE_SIGN_ENTITLEMENTS = GetWorkToDoWidget/GetWorkToDoWidget.entitlements;
				CODE_SIGN_STYLE = Automatic;
				CURRENT_PROJECT_VERSION = 1;
				GENERATE_INFOPLIST_FILE = YES;
				INFOPLIST_FILE = GetWorkToDoWidget/Info.plist;
				INFOPLIST_KEY_CFBundleDisplayName = "Get Work To Do";
				INFOPLIST_KEY_NSHumanReadableCopyright = "";
				LD_RUNPATH_SEARCH_PATHS = (
					"$(inherited)",
					"@executable_path/Frameworks",
					"@executable_path/../../Frameworks",
				);
				MARKETING_VERSION = 1.0;
				PRODUCT_BUNDLE_IDENTIFIER = com.getworktodo.app.widget;
				PRODUCT_NAME = "$(TARGET_NAME)";
				SKIP_INSTALL = YES;
				SWIFT_EMIT_LOC_STRINGS = YES;
				SWIFT_VERSION = 5.0;
				TARGETED_DEVICE_FAMILY = "1,2";
			};
			name = Release;
		};
/* End XCBuildConfiguration section */

/* Begin XCConfigurationList section */
		A90000000000000100000001 /* Build configuration list for PBXNativeTarget "GetWorkToDo" */ = {
			isa = XCConfigurationList;
			buildConfigurations = (
				AA0000000000000100000003 /* Debug */,
				AA0000000000000100000004 /* Release */,
			);
			defaultConfigurationIsVisible = 0;
			defaultConfigurationName = Release;
		};
		A90000000000000100000002 /* Build configuration list for PBXNativeTarget "GetWorkToDoWidgetExtension" */ = {
			isa = XCConfigurationList;
			buildConfigurations = (
				AA0000000000000100000005 /* Debug */,
				AA0000000000000100000006 /* Release */,
			);
			defaultConfigurationIsVisible = 0;
			defaultConfigurationName = Release;
		};
		A90000000000000100000003 /* Build configuration list for PBXProject "GetWorkToDo" */ = {
			isa = XCConfigurationList;
			buildConfigurations = (
				AA0000000000000100000001 /* Debug */,
				AA0000000000000100000002 /* Release */,
			);
			defaultConfigurationIsVisible = 0;
			defaultConfigurationName = Release;
		};
/* End XCConfigurationList section */

/* Begin XCRemoteSwiftPackageReference section */
		D9478B602F57A98900C7500D /* XCRemoteSwiftPackageReference "swift-markdown-ui" */ = {
			isa = XCRemoteSwiftPackageReference;
			repositoryURL = "https://github.com/gonzalezreal/swift-markdown-ui";
			requirement = {
				kind = upToNextMajorVersion;
				minimumVersion = 2.0.0;
			};
		};
/* End XCRemoteSwiftPackageReference section */

/* Begin XCSwiftPackageProductDependency section */
		D9478B612F57A98900C7500D /* MarkdownUI */ = {
			isa = XCSwiftPackageProductDependency;
			package = D9478B602F57A98900C7500D /* XCRemoteSwiftPackageReference "swift-markdown-ui" */;
			productName = MarkdownUI;
		};
/* End XCSwiftPackageProductDependency section */
	};
	rootObject = A50000000000000100000001 /* Project object */;
}
